
Microsoft Visual Studio Solution File, Format Version 12.00
# Visual Studio Version 17
VisualStudioVersion = 17.2.32630.192
MinimumVisualStudioVersion = 10.0.40219.1
Project("{FAE04EC0-301F-11D3-BF4B-00C04F79EFBC}") = "StockManager", "StockManager\StockManager.csproj", "{93D5258E-9636-4774-B6EF-B16005F986CA}"
EndProject
Project("{FAE04EC0-301F-11D3-BF4B-00C04F79EFBC}") = "StockManager.Contracts", "StockManager.Contracts\StockManager.Contracts.csproj", "{FEAA7305-DF3D-4D8D-BD48-8B639282780D}"
EndProject
Global
	GlobalSection(SolutionConfigurationPlatforms) = preSolution
		Debug|Any CPU = Debug|Any CPU
		Release|Any CPU = Release|Any CPU
	EndGlobalSection
	GlobalSection(ProjectConfigurationPlatforms) = postSolution
		{93D5258E-9636-4774-B6EF-B16005F986CA}.Debug|Any CPU.ActiveCfg = Debug|Any CPU
		{93D5258E-9636-4774-B6EF-B16005F986CA}.Debug|Any CPU.Build.0 = Debug|Any CPU
		{93D5258E-9636-4774-B6EF-B16005F986CA}.Release|Any CPU.ActiveCfg = Release|Any CPU
		{93D5258E-9636-4774-B6EF-B16005F986CA}.Release|Any CPU.Build.0 = Release|Any CPU
		{FEAA7305-DF3D-4D8D-BD48-8B639282780D}.Debug|Any CPU.ActiveCfg = Debug|Any CPU
		{FEAA7305-DF3D-4D8D-BD48-8B639282780D}.Debug|Any CPU.Build.0 = Debug|Any CPU
		{FEAA7305-DF3D-4D8D-BD48-8B639282780D}.Release|Any CPU.ActiveCfg = Release|Any CPU
		{FEAA7305-DF3D-4D8D-BD48-8B639282780D}.Release|Any CPU.Build.0 = Release|Any CPU
	EndGlobalSection
	GlobalSection(SolutionProperties) = preSolution
		HideSolutionNode = FALSE
	EndGlobalSection
	GlobalSection(ExtensibilityGlobals) = postSolution
		SolutionGuid = {AEEB37EC-0AFA-4C98-A2F8-11E1299D58F3}
	EndGlobalSection
EndGlobal
